# THIS IS AN AUTOGENERATED FILE. DO NOT EDIT THIS FILE DIRECTLY.
# yarn lockfile v1


"@babylonjs/core@6.25.0":
  version "6.25.0"
  resolved "https://registry.yarnpkg.com/@babylonjs/core/-/core-6.25.0.tgz#4ba87f679e72e2414d1c2d85554799ecac6f1d80"
  integrity sha512-qM0YSmiS+j4aCA82tGcz0y43hwzPGlcAT0uv+sAnLfzLUqB/Q9akbqHTRmv3qZW2Os54/lkF5foBwzkYTitdkg==

"@babylonjs/loaders@6.27.0":
  version "6.27.0"
  resolved "https://registry.yarnpkg.com/@babylonjs/loaders/-/loaders-6.27.0.tgz#95f72d913819fcaacbd43324d1492c8bc0541f36"
  integrity sha512-2hBz2YOKI4nNQwgiVDnCHA2e0DxMlKgEBzh/FXrgJV7pUnKRV5Fzhqs0MjiWm18UHF/N0Xs+IIRltSy8uIcLBQ==

typescript@^5.0.2:
  version "5.2.2"
  resolved "https://registry.yarnpkg.com/typescript/-/typescript-5.2.2.tgz#5ebb5e5a5b75f085f22bc3f8460fba308310fa78"
  integrity sha512-mI4WrpHsbCIcwT9cF4FZvr80QUeKvsUsUvKDoR+X/7XHQH98xYD8YHZg7ANtz2GtZt/CBq2QJ0thkGJMHfqc1w==
